Microsoft Visual Studio Solution File, Format Version 12.00
# Visual Studio Version 17
VisualStudioVersion = 17.5.2.0
MinimumVisualStudioVersion = 10.0.40219.1
Project("{2150E333-8FDC-42A3-9474-1A3956D46DE8}") = "Apps", "Apps", "{1787FE1D-075E-9E68-7218-25F1BD1BBEAB}"
EndProject
Project("{FAE04EC0-301F-11D3-BF4B-00C04F79EFBC}") = "ExtensionAuditMaui", "Apps\ExtensionAuditMaui\ExtensionAuditMaui.csproj", "{7F97859D-6AF1-DC18-DE9B-343A85A9F973}"
EndProject
Global
	GlobalSection(SolutionConfigurationPlatforms) = preSolution
		Debug|Any CPU = Debug|Any CPU
		Release|Any CPU = Release|Any CPU
	EndGlobalSection
	GlobalSection(ProjectConfigurationPlatforms) = postSolution
		{7F97859D-6AF1-DC18-DE9B-343A85A9F973}.Debug|Any CPU.ActiveCfg = Debug|Any CPU
		{7F97859D-6AF1-DC18-DE9B-343A85A9F973}.Debug|Any CPU.Build.0 = Debug|Any CPU
		{7F97859D-6AF1-DC18-DE9B-343A85A9F973}.Release|Any CPU.ActiveCfg = Release|Any CPU
		{7F97859D-6AF1-DC18-DE9B-343A85A9F973}.Release|Any CPU.Build.0 = Release|Any CPU
	EndGlobalSection
	GlobalSection(SolutionProperties) = preSolution
		HideSolutionNode = FALSE
	EndGlobalSection
	GlobalSection(NestedProjects) = preSolution
		{7F97859D-6AF1-DC18-DE9B-343A85A9F973} = {1787FE1D-075E-9E68-7218-25F1BD1BBEAB}
	EndGlobalSection
	GlobalSection(ExtensibilityGlobals) = postSolution
		SolutionGuid = {0CF182D1-397E-42C2-8E72-8E3538378550}
	EndGlobalSection
EndGlobal
